
Microsoft Visual Studio Solution File, Format Version 12.00
# Visual Studio Version 16
VisualStudioVersion = 16.0.30907.101
MinimumVisualStudioVersion = 10.0.40219.1
Project("{9A19103F-16F7-4668-BE54-9A1E7A4F7556}") = "Lab6", "Lab6.csproj", "{F5184E93-6BF8-4473-A5B2-94F3D0DF7D93}"
EndProject
Global
	GlobalSection(SolutionConfigurationPlatforms) = preSolution
		Debug|Any CPU = Debug|Any CPU
		Release|Any CPU = Release|Any CPU
	EndGlobalSection
	GlobalSection(ProjectConfigurationPlatforms) = postSolution
		{F5184E93-6BF8-4473-A5B2-94F3D0DF7D93}.Debug|Any CPU.ActiveCfg = Debug|Any CPU
		{F5184E93-6BF8-4473-A5B2-94F3D0DF7D93}.Debug|Any CPU.Build.0 = Debug|Any CPU
		{F5184E93-6BF8-4473-A5B2-94F3D0DF7D93}.Release|Any CPU.ActiveCfg = Release|Any CPU
		{F5184E93-6BF8-4473-A5B2-94F3D0DF7D93}.Release|Any CPU.Build.0 = Release|Any CPU
	EndGlobalSection
	GlobalSection(SolutionProperties) = preSolution
		HideSolutionNode = FALSE
	EndGlobalSection
	GlobalSection(ExtensibilityGlobals) = postSolution
		SolutionGuid = {0FD452F2-7717-4A80-9A93-44928C45BEA9}
	EndGlobalSection
EndGlobal
